// !$*UTF8*$!
{
	archiveVersion = 1;
	classes = {
	};
	objectVersion = 50;
	objects = {

/* Begin PBXBuildFile section */
		6C8E77B524DAE37B00D77643 /* AppDelegate.swift in Sources */ = {isa = PBXBuildFile; fileRef = 6C8E77B424DAE37B00D77643 /* AppDelegate.swift */; };
		6C8E77B724DAE37B00D77643 /* SceneDelegate.swift in Sources */ = {isa = PBXBuildFile; fileRef = 6C8E77B624DAE37B00D77643 /* SceneDelegate.swift */; };
		6C8E77B924DAE37B00D77643 /* ListViewController.swift in Sources */ = {isa = PBXBuildFile; fileRef = 6C8E77B824DAE37B00D77643 /* ListViewController.swift */; };
		6C8E77BC24DAE37B00D77643 /* Main.storyboard in Resources */ = {isa = PBXBuildFile; fileRef = 6C8E77BA24DAE37B00D77643 /* Main.storyboard */; };
		6C8E77BE24DAE37D00D77643 /* Assets.xcassets in Resources */ = {isa = PBXBuildFile; fileRef = 6C8E77BD24DAE37D00D77643 /* Assets.xcassets */; };
		6C8E77C124DAE37D00D77643 /* LaunchScreen.storyboard in Resources */ = {isa = PBXBuildFile; fileRef = 6C8E77BF24DAE37D00D77643 /* LaunchScreen.storyboard */; };
		6C8E77CA24DAE38800D77643 /* Ingredient.swift in Sources */ = {isa = PBXBuildFile; fileRef = 6C8E77C924DAE38800D77643 /* Ingredient.swift */; };
		6C8E77CC24DAE3B500D77643 /* Recipe.swift in Sources */ = {isa = PBXBuildFile; fileRef = 6C8E77CB24DAE3B500D77643 /* Recipe.swift */; };
		6C8E77CE24DAE49B00D77643 /* Setting.swift in Sources */ = {isa = PBXBuildFile; fileRef = 6C8E77CD24DAE49B00D77643 /* Setting.swift */; };
		6C8E77D024DAE5A200D77643 /* Step.swift in Sources */ = {isa = PBXBuildFile; fileRef = 6C8E77CF24DAE5A200D77643 /* Step.swift */; };
		A913EA1B254FE7B1003830B7 /* Storage.swift in Sources */ = {isa = PBXBuildFile; fileRef = A913EA1A254FE7B1003830B7 /* Storage.swift */; };
		A921BA3425404A3A007F5BAF /* SettingViewController.swift in Sources */ = {isa = PBXBuildFile; fileRef = A921BA3325404A3A007F5BAF /* SettingViewController.swift */; };
		A921BA3725404A77007F5BAF /* AddRecipeViewController.swift in Sources */ = {isa = PBXBuildFile; fileRef = A921BA3625404A77007F5BAF /* AddRecipeViewController.swift */; };
		A921BA3B25404AA7007F5BAF /* RecipeViewController.swift in Sources */ = {isa = PBXBuildFile; fileRef = A921BA3A25404AA7007F5BAF /* RecipeViewController.swift */; };
		A92976D32546CFDE00E93512 /* RecipesCollectionViewCell.swift in Sources */ = {isa = PBXBuildFile; fileRef = A92976D22546CFDE00E93512 /* RecipesCollectionViewCell.swift */; };
		A92976D72546D04D00E93512 /* IngredientsCollectionViewCell.swift in Sources */ = {isa = PBXBuildFile; fileRef = A92976D62546D04D00E93512 /* IngredientsCollectionViewCell.swift */; };
		A92B77A925468FB00072054A /* SearchingViewViewController.swift in Sources */ = {isa = PBXBuildFile; fileRef = A92B77A825468FB00072054A /* SearchingViewViewController.swift */; };
		A9BF89C425515ACF0026E7F5 /* photos in Resources */ = {isa = PBXBuildFile; fileRef = A9BF89C325515ACF0026E7F5 /* photos */; };
		A9E469E525511C8800EF4AD0 /* ImageData.swift in Sources */ = {isa = PBXBuildFile; fileRef = A9E469E425511C8800EF4AD0 /* ImageData.swift */; };
		A9E6872B255268E900DBDEFC /* Section.swift in Sources */ = {isa = PBXBuildFile; fileRef = A9E6872A255268E900DBDEFC /* Section.swift */; };
/* End PBXBuildFile section */

/* Begin PBXFileReference section */
		6C8E77B124DAE37B00D77643 /* GenerousRecipe.app */ = {isa = PBXFileReference; explicitFileType = wrapper.application; includeInIndex = 0; path = GenerousRecipe.app; sourceTree = BUILT_PRODUCTS_DIR; };
		6C8E77B424DAE37B00D77643 /* AppDelegate.swift */ = {isa = PBXFileReference; lastKnownFileType = sourcecode.swift; path = AppDelegate.swift; sourceTree = "<group>"; };
		6C8E77B624DAE37B00D77643 /* SceneDelegate.swift */ = {isa = PBXFileReference; lastKnownFileType = sourcecode.swift; path = SceneDelegate.swift; sourceTree = "<group>"; };
		6C8E77B824DAE37B00D77643 /* ListViewController.swift */ = {isa = PBXFileReference; lastKnownFileType = sourcecode.swift; path = ListViewController.swift; sourceTree = "<group>"; };
		6C8E77BB24DAE37B00D77643 /* Base */ = {isa = PBXFileReference; lastKnownFileType = file.storyboard; name = Base; path = Base.lproj/Main.storyboard; sourceTree = "<group>"; };
		6C8E77BD24DAE37D00D77643 /* Assets.xcassets */ = {isa = PBXFileReference; lastKnownFileType = folder.assetcatalog; path = Assets.xcassets; sourceTree = "<group>"; };
		6C8E77C024DAE37D00D77643 /* Base */ = {isa = PBXFileReference; lastKnownFileType = file.storyboard; name = Base; path = Base.lproj/LaunchScreen.storyboard; sourceTree = "<group>"; };
		6C8E77C224DAE37D00D77643 /* Info.plist */ = {isa = PBXFileReference; lastKnownFileType = text.plist.xml; path = Info.plist; sourceTree = "<group>"; };
		6C8E77C924DAE38800D77643 /* Ingredient.swift */ = {isa = PBXFileReference; lastKnownFileType = sourcecode.swift; path = Ingredient.swift; sourceTree = "<group>"; };
		6C8E77CB24DAE3B500D77643 /* Recipe.swift */ = {isa = PBXFileReference; lastKnownFileType = sourcecode.swift; path = Recipe.swift; sourceTree = "<group>"; };
		6C8E77CD24DAE49B00D77643 /* Setting.swift */ = {isa = PBXFileReference; lastKnownFileType = sourcecode.swift; path = Setting.swift; sourceTree = "<group>"; };
		6C8E77CF24DAE5A200D77643 /* Step.swift */ = {isa = PBXFileReference; lastKnownFileType = sourcecode.swift; path = Step.swift; sourceTree = "<group>"; };
		A913EA1A254FE7B1003830B7 /* Storage.swift */ = {isa = PBXFileReference; lastKnownFileType = sourcecode.swift; path = Storage.swift; sourceTree = "<group>"; };
		A921BA3325404A3A007F5BAF /* SettingViewController.swift */ = {isa = PBXFileReference; lastKnownFileType = sourcecode.swift; path = SettingViewController.swift; sourceTree = "<group>"; };
		A921BA3625404A77007F5BAF /* AddRecipeViewController.swift */ = {isa = PBXFileReference; fileEncoding = 4; lastKnownFileType = sourcecode.swift; path = AddRecipeViewController.swift; sourceTree = "<group>"; };
		A921BA3A25404AA7007F5BAF /* RecipeViewController.swift */ = {isa = PBXFileReference; fileEncoding = 4; lastKnownFileType = sourcecode.swift; path = RecipeViewController.swift; sourceTree = "<group>"; };
		A92976D22546CFDE00E93512 /* RecipesCollectionViewCell.swift */ = {isa = PBXFileReference; lastKnownFileType = sourcecode.swift; path = RecipesCollectionViewCell.swift; sourceTree = "<group>"; };
		A92976D62546D04D00E93512 /* IngredientsCollectionViewCell.swift */ = {isa = PBXFileReference; lastKnownFileType = sourcecode.swift; path = IngredientsCollectionViewCell.swift; sourceTree = "<group>"; };
		A92B77A825468FB00072054A /* SearchingViewViewController.swift */ = {isa = PBXFileReference; lastKnownFileType = sourcecode.swift; path = SearchingViewViewController.swift; sourceTree = "<group>"; };
		A9BF89C325515ACF0026E7F5 /* photos */ = {isa = PBXFileReference; lastKnownFileType = folder; path = photos; sourceTree = "<group>"; };
		A9E469E425511C8800EF4AD0 /* ImageData.swift */ = {isa = PBXFileReference; lastKnownFileType = sourcecode.swift; path = ImageData.swift; sourceTree = "<group>"; };
		A9E6872A255268E900DBDEFC /* Section.swift */ = {isa = PBXFileReference; lastKnownFileType = sourcecode.swift; path = Section.swift; sourceTree = "<group>"; };
/* End PBXFileReference section */

/* Begin PBXFrameworksBuildPhase section */
		6C8E77AE24DAE37B00D77643 /* Frameworks */ = {
			isa = PBXFrameworksBuildPhase;
			buildActionMask = 2147483647;
			files = (
			);
			runOnlyForDeploymentPostprocessing = 0;
		};
/* End PBXFrameworksBuildPhase section */

/* Begin PBXGroup section */
		6C8E77A824DAE37B00D77643 = {
			isa = PBXGroup;
			children = (
				6C8E77B324DAE37B00D77643 /* GenerousRecipe */,
				6C8E77B224DAE37B00D77643 /* Products */,
			);
			sourceTree = "<group>";
		};
		6C8E77B224DAE37B00D77643 /* Products */ = {
			isa = PBXGroup;
			children = (
				6C8E77B124DAE37B00D77643 /* GenerousRecipe.app */,
			);
			name = Products;
			sourceTree = "<group>";
		};
		6C8E77B324DAE37B00D77643 /* GenerousRecipe */ = {
			isa = PBXGroup;
			children = (
				6C8E77B424DAE37B00D77643 /* AppDelegate.swift */,
				6C8E77B624DAE37B00D77643 /* SceneDelegate.swift */,
				A913EA1E254FE7BD003830B7 /* storeHandler */,
				6C8E77C824DAE38100D77643 /* models */,
				A921BA2E2540482C007F5BAF /* viewControllers */,
				A9BF89C8255182550026E7F5 /* collectionViewCell */,
				6C8E77BA24DAE37B00D77643 /* Main.storyboard */,
				A9BF89C325515ACF0026E7F5 /* photos */,
				6C8E77BD24DAE37D00D77643 /* Assets.xcassets */,
				6C8E77BF24DAE37D00D77643 /* LaunchScreen.storyboard */,
				6C8E77C224DAE37D00D77643 /* Info.plist */,
			);
			path = GenerousRecipe;
			sourceTree = "<group>";
		};
		6C8E77C824DAE38100D77643 /* models */ = {
			isa = PBXGroup;
			children = (
				6C8E77CB24DAE3B500D77643 /* Recipe.swift */,
				6C8E77CF24DAE5A200D77643 /* Step.swift */,
				6C8E77C924DAE38800D77643 /* Ingredient.swift */,
				6C8E77CD24DAE49B00D77643 /* Setting.swift */,
				A9E469E425511C8800EF4AD0 /* ImageData.swift */,
				A9E6872A255268E900DBDEFC /* Section.swift */,
			);
			path = models;
			sourceTree = "<group>";
		};
		A913EA1E254FE7BD003830B7 /* storeHandler */ = {
			isa = PBXGroup;
			children = (
				A913EA1A254FE7B1003830B7 /* Storage.swift */,
			);
			path = storeHandler;
			sourceTree = "<group>";
		};
		A921BA2E2540482C007F5BAF /* viewControllers */ = {
			isa = PBXGroup;
			children = (
				6C8E77B824DAE37B00D77643 /* ListViewController.swift */,
				A92B77A825468FB00072054A /* SearchingViewViewController.swift */,
				A921BA3325404A3A007F5BAF /* SettingViewController.swift */,
				A921BA3625404A77007F5BAF /* AddRecipeViewController.swift */,
				A921BA3A25404AA7007F5BAF /* RecipeViewController.swift */,
			);
			path = viewControllers;
			sourceTree = "<group>";
		};
		A9BF89C8255182550026E7F5 /* collectionViewCell */ = {
			isa = PBXGroup;
			children = (
				A92976D22546CFDE00E93512 /* RecipesCollectionViewCell.swift */,
				A92976D62546D04D00E93512 /* IngredientsCollectionViewCell.swift */,
			);
			path = collectionViewCell;
			sourceTree = "<group>";
		};
/* End PBXGroup section */

/* Begin PBXNativeTarget section */
		6C8E77B024DAE37B00D77643 /* GenerousRecipe */ = {
			isa = PBXNativeTarget;
			buildConfigurationList = 6C8E77C524DAE37D00D77643 /* Build configuration list for PBXNativeTarget "GenerousRecipe" */;
			buildPhases = (
				6C8E77AD24DAE37B00D77643 /* Sources */,
				6C8E77AE24DAE37B00D77643 /* Frameworks */,
				6C8E77AF24DAE37B00D77643 /* Resources */,
			);
			buildRules = (
			);
			dependencies = (
			);
			name = GenerousRecipe;
			productName = GenerousRecipe;
			productReference = 6C8E77B124DAE37B00D77643 /* GenerousRecipe.app */;
			productType = "com.apple.product-type.application";
		};
/* End PBXNativeTarget section */

/* Begin PBXProject section */
		6C8E77A924DAE37B00D77643 /* Project object */ = {
			isa = PBXProject;
			attributes = {
				LastSwiftUpdateCheck = 1150;
				LastUpgradeCheck = 1200;
				ORGANIZATIONNAME = FastCampus;
				TargetAttributes = {
					6C8E77B024DAE37B00D77643 = {
						CreatedOnToolsVersion = 11.5;
					};
				};
			};
			buildConfigurationList = 6C8E77AC24DAE37B00D77643 /* Build configuration list for PBXProject "GenerousRecipe" */;
			compatibilityVersion = "Xcode 9.3";
			developmentRegion = en;
			hasScannedForEncodings = 0;
			knownRegions = (
				en,
				Base,
			);
			mainGroup = 6C8E77A824DAE37B00D77643;
			productRefGroup = 6C8E77B224DAE37B00D77643 /* Products */;
			projectDirPath = "";
			projectRoot = "";
			targets = (
				6C8E77B024DAE37B00D77643 /* GenerousRecipe */,
			);
		};
/* End PBXProject section */

/* Begin PBXResourcesBuildPhase section */
		6C8E77AF24DAE37B00D77643 /* Resources */ = {
			isa = PBXResourcesBuildPhase;
			buildActionMask = 2147483647;
			files = (
				6C8E77C124DAE37D00D77643 /* LaunchScreen.storyboard in Resources */,
				6C8E77BE24DAE37D00D77643 /* Assets.xcassets in Resources */,
				6C8E77BC24DAE37B00D77643 /* Main.storyboard in Resources */,
				A9BF89C425515ACF0026E7F5 /* photos in Resources */,
			);
			runOnlyForDeploymentPostprocessing = 0;
		};
/* End PBXResourcesBuildPhase section */

/* Begin PBXSourcesBuildPhase section */
		6C8E77AD24DAE37B00D77643 /* Sources */ = {
			isa = PBXSourcesBuildPhase;
			buildActionMask = 2147483647;
			files = (
				A921BA3725404A77007F5BAF /* AddRecipeViewController.swift in Sources */,
				A913EA1B254FE7B1003830B7 /* Storage.swift in Sources */,
				6C8E77CA24DAE38800D77643 /* Ingredient.swift in Sources */,
				6C8E77B924DAE37B00D77643 /* ListViewController.swift in Sources */,
				A92976D72546D04D00E93512 /* IngredientsCollectionViewCell.swift in Sources */,
				6C8E77CE24DAE49B00D77643 /* Setting.swift in Sources */,
				A921BA3B25404AA7007F5BAF /* RecipeViewController.swift in Sources */,
				A92B77A925468FB00072054A /* SearchingViewViewController.swift in Sources */,
				A9E469E525511C8800EF4AD0 /* ImageData.swift in Sources */,
				A92976D32546CFDE00E93512 /* RecipesCollectionViewCell.swift in Sources */,
				A921BA3425404A3A007F5BAF /* SettingViewController.swift in Sources */,
				6C8E77D024DAE5A200D77643 /* Step.swift in Sources */,
				6C8E77B524DAE37B00D77643 /* AppDelegate.swift in Sources */,
				A9E6872B255268E900DBDEFC /* Section.swift in Sources */,
				6C8E77B724DAE37B00D77643 /* SceneDelegate.swift in Sources */,
				6C8E77CC24DAE3B500D77643 /* Recipe.swift in Sources */,
			);
			runOnlyForDeploymentPostprocessing = 0;
		};
/* End PBXSourcesBuildPhase section */

/* Begin PBXVariantGroup section */
		6C8E77BA24DAE37B00D77643 /* Main.storyboard */ = {
			isa = PBXVariantGroup;
			children = (
				6C8E77BB24DAE37B00D77643 /* Base */,
			);
			name = Main.storyboard;
			sourceTree = "<group>";
		};
		6C8E77BF24DAE37D00D77643 /* LaunchScreen.storyboard */ = {
			isa = PBXVariantGroup;
			children = (
				6C8E77C024DAE37D00D77643 /* Base */,
			);
			name = LaunchScreen.storyboard;
			sourceTree = "<group>";
		};
/* End PBXVariantGroup section */

/* Begin XCBuildConfiguration section */
		6C8E77C324DAE37D00D77643 /* Debug */ = {
			isa = XCBuildConfiguration;
			buildSettings = {
				ALWAYS_SEARCH_USER_PATHS = NO;
				CLANG_ANALYZER_NONNULL = YES;
				CLANG_ANALYZER_NUMBER_OBJECT_CONVERSION = YES_AGGRESSIVE;
				CLANG_CXX_LANGUAGE_STANDARD = "gnu++14";
				CLANG_CXX_LIBRARY = "libc++";
				CLANG_ENABLE_MODULES = YES;
				CLANG_ENABLE_OBJC_ARC = YES;
				CLANG_ENABLE_OBJC_WEAK = YES;
				CLANG_WARN_BLOCK_CAPTURE_AUTORELEASING = YES;
				CLANG_WARN_BOOL_CONVERSION = YES;
				CLANG_WARN_COMMA = YES;
				CLANG_WARN_CONSTANT_CONVERSION = YES;
				CLANG_WARN_DEPRECATED_OBJC_IMPLEMENTATIONS = YES;
				CLANG_WARN_DIRECT_OBJC_ISA_USAGE = YES_ERROR;
				CLANG_WARN_DOCUMENTATION_COMMENTS = YES;
				CLANG_WARN_EMPTY_BODY = YES;
				CLANG_WARN_ENUM_CONVERSION = YES;
				CLANG_WARN_INFINITE_RECURSION = YES;
				CLANG_WARN_INT_CONVERSION = YES;
				CLANG_WARN_NON_LITERAL_NULL_CONVERSION = YES;
				CLANG_WARN_OBJC_IMPLICIT_RETAIN_SELF = YES;
				CLANG_WARN_OBJC_LITERAL_CONVERSION = YES;
				CLANG_WARN_OBJC_ROOT_CLASS = YES_ERROR;
				CLANG_WARN_QUOTED_INCLUDE_IN_FRAMEWORK_HEADER = YES;
				CLANG_WARN_RANGE_LOOP_ANALYSIS = YES;
				CLANG_WARN_STRICT_PROTOTYPES = YES;
				CLANG_WARN_SUSPICIOUS_MOVE = YES;
				CLANG_WARN_UNGUARDED_AVAILABILITY = YES_AGGRESSIVE;
				CLANG_WARN_UNREACHABLE_CODE = YES;
				CLANG_WARN__DUPLICATE_METHOD_MATCH = YES;
				COPY_PHASE_STRIP = NO;
				DEBUG_INFORMATION_FORMAT = dwarf;
				ENABLE_STRICT_OBJC_MSGSEND = YES;
				ENABLE_TESTABILITY = YES;
				GCC_C_LANGUAGE_STANDARD = gnu11;
				GCC_DYNAMIC_NO_PIC = NO;
				GCC_NO_COMMON_BLOCKS = YES;
				GCC_OPTIMIZATION_LEVEL = 0;
				GCC_PREPROCESSOR_DEFINITIONS = (
					"DEBUG=1",
					"$(inherited)",
				);
				GCC_WARN_64_TO_32_BIT_CONVERSION = YES;
				GCC_WARN_ABOUT_RETURN_TYPE = YES_ERROR;
				GCC_WARN_UNDECLARED_SELECTOR = YES;
				GCC_WARN_UNINITIALIZED_AUTOS = YES_AGGRESSIVE;
				GCC_WARN_UNUSED_FUNCTION = YES;
				GCC_WARN_UNUSED_VARIABLE = YES;
				IPHONEOS_DEPLOYMENT_TARGET = 13.5;
				MTL_ENABLE_DEBUG_INFO = INCLUDE_SOURCE;
				MTL_FAST_MATH = YES;
				ONLY_ACTIVE_ARCH = YES;
				SDKROOT = iphoneos;
				SWIFT_ACTIVE_COMPILATION_CONDITIONS = DEBUG;
				SWIFT_OPTIMIZATION_LEVEL = "-Onone";
			};
			name = Debug;
		};
		6C8E77C424DAE37D00D77643 /* Release */ = {
			isa = XCBuildConfiguration;
			buildSettings = {
				ALWAYS_SEARCH_USER_PATHS = NO;
				CLANG_ANALYZER_NONNULL = YES;
				CLANG_ANALYZER_NUMBER_OBJECT_CONVERSION = YES_AGGRESSIVE;
				CLANG_CXX_LANGUAGE_STANDARD = "gnu++14";
				CLANG_CXX_LIBRARY = "libc++";
				CLANG_ENABLE_MODULES = YES;
				CLANG_ENABLE_OBJC_ARC = YES;
				CLANG_ENABLE_OBJC_WEAK = YES;
				CLANG_WARN_BLOCK_CAPTURE_AUTORELEASING = YES;
				CLANG_WARN_BOOL_CONVERSION = YES;
				CLANG_WARN_COMMA = YES;
				CLANG_WARN_CONSTANT_CONVERSION = YES;
				CLANG_WARN_DEPRECATED_OBJC_IMPLEMENTATIONS = YES;
				CLANG_WARN_DIRECT_OBJC_ISA_USAGE = YES_ERROR;
				CLANG_WARN_DOCUMENTATION_COMMENTS = YES;
				CLANG_WARN_EMPTY_BODY = YES;
				CLANG_WARN_ENUM_CONVERSION = YES;
				CLANG_WARN_INFINITE_RECURSION = YES;
				CLANG_WARN_INT_CONVERSION = YES;
				CLANG_WARN_NON_LITERAL_NULL_CONVERSION = YES;
				CLANG_WARN_OBJC_IMPLICIT_RETAIN_SELF = YES;
				CLANG_WARN_OBJC_LITERAL_CONVERSION = YES;
				CLANG_WARN_OBJC_ROOT_CLASS = YES_ERROR;
				CLANG_WARN_QUOTED_INCLUDE_IN_FRAMEWORK_HEADER = YES;
				CLANG_WARN_RANGE_LOOP_ANALYSIS = YES;
				CLANG_WARN_STRICT_PROTOTYPES = YES;
				CLANG_WARN_SUSPICIOUS_MOVE = YES;
				CLANG_WARN_UNGUARDED_AVAILABILITY = YES_AGGRESSIVE;
				CLANG_WARN_UNREACHABLE_CODE = YES;
				CLANG_WARN__DUPLICATE_METHOD_MATCH = YES;
				COPY_PHASE_STRIP = NO;
				DEBUG_INFORMATION_FORMAT = "dwarf-with-dsym";
				ENABLE_NS_ASSERTIONS = NO;
				ENABLE_STRICT_OBJC_MSGSEND = YES;
				GCC_C_LANGUAGE_STANDARD = gnu11;
				GCC_NO_COMMON_BLOCKS = YES;
				GCC_WARN_64_TO_32_BIT_CONVERSION = YES;
				GCC_WARN_ABOUT_RETURN_TYPE = YES_ERROR;
				GCC_WARN_UNDECLARED_SELECTOR = YES;
				GCC_WARN_UNINITIALIZED_AUTOS = YES_AGGRESSIVE;
				GCC_WARN_UNUSED_FUNCTION = YES;
				GCC_WARN_UNUSED_VARIABLE = YES;
				IPHONEOS_DEPLOYMENT_TARGET = 13.5;
				MTL_ENABLE_DEBUG_INFO = NO;
				MTL_FAST_MATH = YES;
				SDKROOT = iphoneos;
				SWIFT_COMPILATION_MODE = wholemodule;
				SWIFT_OPTIMIZATION_LEVEL = "-O";
				VALIDATE_PRODUCT = YES;
			};
			name = Release;
		};
		6C8E77C624DAE37D00D77643 /* Debug */ = {
			isa = XCBuildConfiguration;
			buildSettings = {
				ASSETCATALOG_COMPILER_APPICON_NAME = AppIcon;
				CODE_SIGN_STYLE = Automatic;
				INFOPLIST_FILE = GenerousRecipe/Info.plist;
				LD_RUNPATH_SEARCH_PATHS = (
					"$(inherited)",
					"@executable_path/Frameworks",
				);
				PRODUCT_BUNDLE_IDENTIFIER = com.fastcampus.GenerousRecipe;
				PRODUCT_NAME = "$(TARGET_NAME)";
				SWIFT_VERSION = 5.0;
				TARGETED_DEVICE_FAMILY = "1,2";
			};
			name = Debug;
		};
		6C8E77C724DAE37D00D77643 /* Release */ = {
			isa = XCBuildConfiguration;
			buildSettings = {
				ASSETCATALOG_COMPILER_APPICON_NAME = AppIcon;
				CODE_SIGN_STYLE = Automatic;
				INFOPLIST_FILE = GenerousRecipe/Info.plist;
				LD_RUNPATH_SEARCH_PATHS = (
					"$(inherited)",
					"@executable_path/Frameworks",
				);
				PRODUCT_BUNDLE_IDENTIFIER = com.fastcampus.GenerousRecipe;
				PRODUCT_NAME = "$(TARGET_NAME)";
				SWIFT_VERSION = 5.0;
				TARGETED_DEVICE_FAMILY = "1,2";
			};
			name = Release;
		};
/* End XCBuildConfiguration section */

/* Begin XCConfigurationList section */
		6C8E77AC24DAE37B00D77643 /* Build configuration list for PBXProject "GenerousRecipe" */ = {
			isa = XCConfigurationList;
			buildConfigurations = (
				6C8E77C324DAE37D00D77643 /* Debug */,
				6C8E77C424DAE37D00D77643 /* Release */,
			);
			defaultConfigurationIsVisible = 0;
			defaultConfigurationName = Release;
		};
		6C8E77C524DAE37D00D77643 /* Build configuration list for PBXNativeTarget "GenerousRecipe" */ = {
			isa = XCConfigurationList;
			buildConfigurations = (
				6C8E77C624DAE37D00D77643 /* Debug */,
				6C8E77C724DAE37D00D77643 /* Release */,
			);
			defaultConfigurationIsVisible = 0;
			defaultConfigurationName = Release;
		};
/* End XCConfigurationList section */
	};
	rootObject = 6C8E77A924DAE37B00D77643 /* Project object */;
}
