// !$*UTF8*$!
{
	archiveVersion = 1;
	classes = {
	};
	objectVersion = 50;
	objects = {

/* Begin PBXBuildFile section */
		A9523A87253D944B0008F7D5 /* Storage.swift in Sources */ = {isa = PBXBuildFile; fileRef = A9523A86253D944B0008F7D5 /* Storage.swift */; };
		A9523A8D253DC0EB0008F7D5 /* BaekViewController.swift in Sources */ = {isa = PBXBuildFile; fileRef = A9523A8C253DC0EB0008F7D5 /* BaekViewController.swift */; };
		A9523A92253DC0F60008F7D5 /* SettingViewController.swift in Sources */ = {isa = PBXBuildFile; fileRef = A9523A91253DC0F60008F7D5 /* SettingViewController.swift */; };
		A9523A97253DC10B0008F7D5 /* AddRecipeViewController.swift in Sources */ = {isa = PBXBuildFile; fileRef = A9523A96253DC10B0008F7D5 /* AddRecipeViewController.swift */; };
		A9B65FD7253EEB8F0098A2DC /* Recipe.swift in Sources */ = {isa = PBXBuildFile; fileRef = A9B65FD6253EEB8F0098A2DC /* Recipe.swift */; };
		A9B65FDF253EF6B30098A2DC /* RecipeViewController.swift in Sources */ = {isa = PBXBuildFile; fileRef = A9B65FDE253EF6B30098A2DC /* RecipeViewController.swift */; };
		A9E58E46253D827200341C25 /* AppDelegate.swift in Sources */ = {isa = PBXBuildFile; fileRef = A9E58E45253D827200341C25 /* AppDelegate.swift */; };
		A9E58E48253D827200341C25 /* SceneDelegate.swift in Sources */ = {isa = PBXBuildFile; fileRef = A9E58E47253D827200341C25 /* SceneDelegate.swift */; };
		A9E58E4A253D827200341C25 /* MainViewController.swift in Sources */ = {isa = PBXBuildFile; fileRef = A9E58E49253D827200341C25 /* MainViewController.swift */; };
		A9E58E4D253D827200341C25 /* Main.storyboard in Resources */ = {isa = PBXBuildFile; fileRef = A9E58E4B253D827200341C25 /* Main.storyboard */; };
		A9E58E50253D827200341C25 /* Available_Recipes.xcdatamodeld in Sources */ = {isa = PBXBuildFile; fileRef = A9E58E4E253D827200341C25 /* Available_Recipes.xcdatamodeld */; };
		A9E58E52253D827200341C25 /* Assets.xcassets in Resources */ = {isa = PBXBuildFile; fileRef = A9E58E51253D827200341C25 /* Assets.xcassets */; };
		A9E58E55253D827200341C25 /* LaunchScreen.storyboard in Resources */ = {isa = PBXBuildFile; fileRef = A9E58E53253D827200341C25 /* LaunchScreen.storyboard */; };
		A9E58E60253D827300341C25 /* Available_RecipesTests.swift in Sources */ = {isa = PBXBuildFile; fileRef = A9E58E5F253D827300341C25 /* Available_RecipesTests.swift */; };
		A9E58E6B253D827300341C25 /* Available_RecipesUITests.swift in Sources */ = {isa = PBXBuildFile; fileRef = A9E58E6A253D827300341C25 /* Available_RecipesUITests.swift */; };
/* End PBXBuildFile section */

/* Begin PBXContainerItemProxy section */
		A9E58E5C253D827300341C25 /* PBXContainerItemProxy */ = {
			isa = PBXContainerItemProxy;
			containerPortal = A9E58E3A253D827200341C25 /* Project object */;
			proxyType = 1;
			remoteGlobalIDString = A9E58E41253D827200341C25;
			remoteInfo = Generous_Recipe;
		};
		A9E58E67253D827300341C25 /* PBXContainerItemProxy */ = {
			isa = PBXContainerItemProxy;
			containerPortal = A9E58E3A253D827200341C25 /* Project object */;
			proxyType = 1;
			remoteGlobalIDString = A9E58E41253D827200341C25;
			remoteInfo = Generous_Recipe;
		};
/* End PBXContainerItemProxy section */

/* Begin PBXFileReference section */
		A9523A86253D944B0008F7D5 /* Storage.swift */ = {isa = PBXFileReference; fileEncoding = 4; lastKnownFileType = sourcecode.swift; path = Storage.swift; sourceTree = "<group>"; };
		A9523A8C253DC0EB0008F7D5 /* BaekViewController.swift */ = {isa = PBXFileReference; lastKnownFileType = sourcecode.swift; path = BaekViewController.swift; sourceTree = "<group>"; };
		A9523A91253DC0F60008F7D5 /* SettingViewController.swift */ = {isa = PBXFileReference; lastKnownFileType = sourcecode.swift; path = SettingViewController.swift; sourceTree = "<group>"; };
		A9523A96253DC10B0008F7D5 /* AddRecipeViewController.swift */ = {isa = PBXFileReference; lastKnownFileType = sourcecode.swift; path = AddRecipeViewController.swift; sourceTree = "<group>"; };
		A9B65FD6253EEB8F0098A2DC /* Recipe.swift */ = {isa = PBXFileReference; fileEncoding = 4; lastKnownFileType = sourcecode.swift; path = Recipe.swift; sourceTree = "<group>"; };
		A9B65FDE253EF6B30098A2DC /* RecipeViewController.swift */ = {isa = PBXFileReference; lastKnownFileType = sourcecode.swift; path = RecipeViewController.swift; sourceTree = "<group>"; };
		A9E58E42253D827200341C25 /* Available_Recipes.app */ = {isa = PBXFileReference; explicitFileType = wrapper.application; includeInIndex = 0; path = Available_Recipes.app; sourceTree = BUILT_PRODUCTS_DIR; };
		A9E58E45253D827200341C25 /* AppDelegate.swift */ = {isa = PBXFileReference; lastKnownFileType = sourcecode.swift; path = AppDelegate.swift; sourceTree = "<group>"; };
		A9E58E47253D827200341C25 /* SceneDelegate.swift */ = {isa = PBXFileReference; lastKnownFileType = sourcecode.swift; path = SceneDelegate.swift; sourceTree = "<group>"; };
		A9E58E49253D827200341C25 /* MainViewController.swift */ = {isa = PBXFileReference; lastKnownFileType = sourcecode.swift; path = MainViewController.swift; sourceTree = "<group>"; };
		A9E58E4C253D827200341C25 /* Base */ = {isa = PBXFileReference; lastKnownFileType = file.storyboard; name = Base; path = Base.lproj/Main.storyboard; sourceTree = "<group>"; };
		A9E58E4F253D827200341C25 /* Available_Recipes.xcdatamodel */ = {isa = PBXFileReference; lastKnownFileType = wrapper.xcdatamodel; path = Available_Recipes.xcdatamodel; sourceTree = "<group>"; };
		A9E58E51253D827200341C25 /* Assets.xcassets */ = {isa = PBXFileReference; lastKnownFileType = folder.assetcatalog; path = Assets.xcassets; sourceTree = "<group>"; };
		A9E58E54253D827200341C25 /* Base */ = {isa = PBXFileReference; lastKnownFileType = file.storyboard; name = Base; path = Base.lproj/LaunchScreen.storyboard; sourceTree = "<group>"; };
		A9E58E56253D827200341C25 /* Info.plist */ = {isa = PBXFileReference; lastKnownFileType = text.plist.xml; path = Info.plist; sourceTree = "<group>"; };
		A9E58E5B253D827300341C25 /* Available_RecipesTests.xctest */ = {isa = PBXFileReference; explicitFileType = wrapper.cfbundle; includeInIndex = 0; path = Available_RecipesTests.xctest; sourceTree = BUILT_PRODUCTS_DIR; };
		A9E58E5F253D827300341C25 /* Available_RecipesTests.swift */ = {isa = PBXFileReference; lastKnownFileType = sourcecode.swift; path = Available_RecipesTests.swift; sourceTree = "<group>"; };
		A9E58E61253D827300341C25 /* Info.plist */ = {isa = PBXFileReference; lastKnownFileType = text.plist.xml; path = Info.plist; sourceTree = "<group>"; };
		A9E58E66253D827300341C25 /* Available_RecipesUITests.xctest */ = {isa = PBXFileReference; explicitFileType = wrapper.cfbundle; includeInIndex = 0; path = Available_RecipesUITests.xctest; sourceTree = BUILT_PRODUCTS_DIR; };
		A9E58E6A253D827300341C25 /* Available_RecipesUITests.swift */ = {isa = PBXFileReference; lastKnownFileType = sourcecode.swift; path = Available_RecipesUITests.swift; sourceTree = "<group>"; };
		A9E58E6C253D827300341C25 /* Info.plist */ = {isa = PBXFileReference; lastKnownFileType = text.plist.xml; path = Info.plist; sourceTree = "<group>"; };
/* End PBXFileReference section */

/* Begin PBXFrameworksBuildPhase section */
		A9E58E3F253D827200341C25 /* Frameworks */ = {
			isa = PBXFrameworksBuildPhase;
			buildActionMask = 2147483647;
			files = (
			);
			runOnlyForDeploymentPostprocessing = 0;
		};
		A9E58E58253D827300341C25 /* Frameworks */ = {
			isa = PBXFrameworksBuildPhase;
			buildActionMask = 2147483647;
			files = (
			);
			runOnlyForDeploymentPostprocessing = 0;
		};
		A9E58E63253D827300341C25 /* Frameworks */ = {
			isa = PBXFrameworksBuildPhase;
			buildActionMask = 2147483647;
			files = (
			);
			runOnlyForDeploymentPostprocessing = 0;
		};
/* End PBXFrameworksBuildPhase section */

/* Begin PBXGroup section */
		A9B65FDB253EF6050098A2DC /* ViewControllers */ = {
			isa = PBXGroup;
			children = (
				A9E58E49253D827200341C25 /* MainViewController.swift */,
				A9523A8C253DC0EB0008F7D5 /* BaekViewController.swift */,
				A9B65FDE253EF6B30098A2DC /* RecipeViewController.swift */,
				A9523A96253DC10B0008F7D5 /* AddRecipeViewController.swift */,
				A9523A91253DC0F60008F7D5 /* SettingViewController.swift */,
			);
			path = ViewControllers;
			sourceTree = "<group>";
		};
		A9B65FDC253EF61B0098A2DC /* Model */ = {
			isa = PBXGroup;
			children = (
				A9B65FD6253EEB8F0098A2DC /* Recipe.swift */,
			);
			path = Model;
			sourceTree = "<group>";
		};
		A9B65FDD253EF66C0098A2DC /* DataHandler */ = {
			isa = PBXGroup;
			children = (
				A9523A86253D944B0008F7D5 /* Storage.swift */,
			);
			path = DataHandler;
			sourceTree = "<group>";
		};
		A9E58E39253D827200341C25 = {
			isa = PBXGroup;
			children = (
				A9E58E44253D827200341C25 /* Available_Recipes */,
				A9E58E43253D827200341C25 /* Products */,
				A9E58E5E253D827300341C25 /* Available_RecipesTests */,
				A9E58E69253D827300341C25 /* Available_RecipesUITests */,
			);
			sourceTree = "<group>";
		};
		A9E58E43253D827200341C25 /* Products */ = {
			isa = PBXGroup;
			children = (
				A9E58E42253D827200341C25 /* Available_Recipes.app */,
				A9E58E5B253D827300341C25 /* Available_RecipesTests.xctest */,
				A9E58E66253D827300341C25 /* Available_RecipesUITests.xctest */,
			);
			name = Products;
			sourceTree = "<group>";
		};
		A9E58E44253D827200341C25 /* Available_Recipes */ = {
			isa = PBXGroup;
			children = (
				A9E58E45253D827200341C25 /* AppDelegate.swift */,
				A9E58E47253D827200341C25 /* SceneDelegate.swift */,
				A9B65FDC253EF61B0098A2DC /* Model */,
				A9B65FDB253EF6050098A2DC /* ViewControllers */,
				A9B65FDD253EF66C0098A2DC /* DataHandler */,
				A9E58E4B253D827200341C25 /* Main.storyboard */,
				A9E58E51253D827200341C25 /* Assets.xcassets */,
				A9E58E53253D827200341C25 /* LaunchScreen.storyboard */,
				A9E58E56253D827200341C25 /* Info.plist */,
				A9E58E4E253D827200341C25 /* Available_Recipes.xcdatamodeld */,
			);
			path = Available_Recipes;
			sourceTree = "<group>";
		};
		A9E58E5E253D827300341C25 /* Available_RecipesTests */ = {
			isa = PBXGroup;
			children = (
				A9E58E5F253D827300341C25 /* Available_RecipesTests.swift */,
				A9E58E61253D827300341C25 /* Info.plist */,
			);
			path = Available_RecipesTests;
			sourceTree = "<group>";
		};
		A9E58E69253D827300341C25 /* Available_RecipesUITests */ = {
			isa = PBXGroup;
			children = (
				A9E58E6A253D827300341C25 /* Available_RecipesUITests.swift */,
				A9E58E6C253D827300341C25 /* Info.plist */,
			);
			path = Available_RecipesUITests;
			sourceTree = "<group>";
		};
/* End PBXGroup section */

/* Begin PBXNativeTarget section */
		A9E58E41253D827200341C25 /* Available_Recipes */ = {
			isa = PBXNativeTarget;
			buildConfigurationList = A9E58E6F253D827300341C25 /* Build configuration list for PBXNativeTarget "Available_Recipes" */;
			buildPhases = (
				A9E58E3E253D827200341C25 /* Sources */,
				A9E58E3F253D827200341C25 /* Frameworks */,
				A9E58E40253D827200341C25 /* Resources */,
			);
			buildRules = (
			);
			dependencies = (
			);
			name = Available_Recipes;
			productName = Generous_Recipe;
			productReference = A9E58E42253D827200341C25 /* Available_Recipes.app */;
			productType = "com.apple.product-type.application";
		};
		A9E58E5A253D827300341C25 /* Available_RecipesTests */ = {
			isa = PBXNativeTarget;
			buildConfigurationList = A9E58E72253D827300341C25 /* Build configuration list for PBXNativeTarget "Available_RecipesTests" */;
			buildPhases = (
				A9E58E57253D827300341C25 /* Sources */,
				A9E58E58253D827300341C25 /* Frameworks */,
				A9E58E59253D827300341C25 /* Resources */,
			);
			buildRules = (
			);
			dependencies = (
				A9E58E5D253D827300341C25 /* PBXTargetDependency */,
			);
			name = Available_RecipesTests;
			productName = Generous_RecipeTests;
			productReference = A9E58E5B253D827300341C25 /* Available_RecipesTests.xctest */;
			productType = "com.apple.product-type.bundle.unit-test";
		};
		A9E58E65253D827300341C25 /* Available_RecipesUITests */ = {
			isa = PBXNativeTarget;
			buildConfigurationList = A9E58E75253D827300341C25 /* Build configuration list for PBXNativeTarget "Available_RecipesUITests" */;
			buildPhases = (
				A9E58E62253D827300341C25 /* Sources */,
				A9E58E63253D827300341C25 /* Frameworks */,
				A9E58E64253D827300341C25 /* Resources */,
			);
			buildRules = (
			);
			dependencies = (
				A9E58E68253D827300341C25 /* PBXTargetDependency */,
			);
			name = Available_RecipesUITests;
			productName = Generous_RecipeUITests;
			productReference = A9E58E66253D827300341C25 /* Available_RecipesUITests.xctest */;
			productType = "com.apple.product-type.bundle.ui-testing";
		};
/* End PBXNativeTarget section */

/* Begin PBXProject section */
		A9E58E3A253D827200341C25 /* Project object */ = {
			isa = PBXProject;
			attributes = {
				LastSwiftUpdateCheck = 1200;
				LastUpgradeCheck = 1200;
				TargetAttributes = {
					A9E58E41253D827200341C25 = {
						CreatedOnToolsVersion = 12.0.1;
					};
					A9E58E5A253D827300341C25 = {
						CreatedOnToolsVersion = 12.0.1;
						TestTargetID = A9E58E41253D827200341C25;
					};
					A9E58E65253D827300341C25 = {
						CreatedOnToolsVersion = 12.0.1;
						TestTargetID = A9E58E41253D827200341C25;
					};
				};
			};
			buildConfigurationList = A9E58E3D253D827200341C25 /* Build configuration list for PBXProject "Available_Recipes" */;
			compatibilityVersion = "Xcode 9.3";
			developmentRegion = en;
			hasScannedForEncodings = 0;
			knownRegions = (
				en,
				Base,
			);
			mainGroup = A9E58E39253D827200341C25;
			productRefGroup = A9E58E43253D827200341C25 /* Products */;
			projectDirPath = "";
			projectRoot = "";
			targets = (
				A9E58E41253D827200341C25 /* Available_Recipes */,
				A9E58E5A253D827300341C25 /* Available_RecipesTests */,
				A9E58E65253D827300341C25 /* Available_RecipesUITests */,
			);
		};
/* End PBXProject section */

/* Begin PBXResourcesBuildPhase section */
		A9E58E40253D827200341C25 /* Resources */ = {
			isa = PBXResourcesBuildPhase;
			buildActionMask = 2147483647;
			files = (
				A9E58E55253D827200341C25 /* LaunchScreen.storyboard in Resources */,
				A9E58E52253D827200341C25 /* Assets.xcassets in Resources */,
				A9E58E4D253D827200341C25 /* Main.storyboard in Resources */,
			);
			runOnlyForDeploymentPostprocessing = 0;
		};
		A9E58E59253D827300341C25 /* Resources */ = {
			isa = PBXResourcesBuildPhase;
			buildActionMask = 2147483647;
			files = (
			);
			runOnlyForDeploymentPostprocessing = 0;
		};
		A9E58E64253D827300341C25 /* Resources */ = {
			isa = PBXResourcesBuildPhase;
			buildActionMask = 2147483647;
			files = (
			);
			runOnlyForDeploymentPostprocessing = 0;
		};
/* End PBXResourcesBuildPhase section */

/* Begin PBXSourcesBuildPhase section */
		A9E58E3E253D827200341C25 /* Sources */ = {
			isa = PBXSourcesBuildPhase;
			buildActionMask = 2147483647;
			files = (
				A9523A97253DC10B0008F7D5 /* AddRecipeViewController.swift in Sources */,
				A9E58E4A253D827200341C25 /* MainViewController.swift in Sources */,
				A9523A8D253DC0EB0008F7D5 /* BaekViewController.swift in Sources */,
				A9E58E46253D827200341C25 /* AppDelegate.swift in Sources */,
				A9B65FDF253EF6B30098A2DC /* RecipeViewController.swift in Sources */,
				A9E58E48253D827200341C25 /* SceneDelegate.swift in Sources */,
				A9E58E50253D827200341C25 /* Available_Recipes.xcdatamodeld in Sources */,
				A9B65FD7253EEB8F0098A2DC /* Recipe.swift in Sources */,
				A9523A92253DC0F60008F7D5 /* SettingViewController.swift in Sources */,
				A9523A87253D944B0008F7D5 /* Storage.swift in Sources */,
			);
			runOnlyForDeploymentPostprocessing = 0;
		};
		A9E58E57253D827300341C25 /* Sources */ = {
			isa = PBXSourcesBuildPhase;
			buildActionMask = 2147483647;
			files = (
				A9E58E60253D827300341C25 /* Available_RecipesTests.swift in Sources */,
			);
			runOnlyForDeploymentPostprocessing = 0;
		};
		A9E58E62253D827300341C25 /* Sources */ = {
			isa = PBXSourcesBuildPhase;
			buildActionMask = 2147483647;
			files = (
				A9E58E6B253D827300341C25 /* Available_RecipesUITests.swift in Sources */,
			);
			runOnlyForDeploymentPostprocessing = 0;
		};
/* End PBXSourcesBuildPhase section */

/* Begin PBXTargetDependency section */
		A9E58E5D253D827300341C25 /* PBXTargetDependency */ = {
			isa = PBXTargetDependency;
			target = A9E58E41253D827200341C25 /* Available_Recipes */;
			targetProxy = A9E58E5C253D827300341C25 /* PBXContainerItemProxy */;
		};
		A9E58E68253D827300341C25 /* PBXTargetDependency */ = {
			isa = PBXTargetDependency;
			target = A9E58E41253D827200341C25 /* Available_Recipes */;
			targetProxy = A9E58E67253D827300341C25 /* PBXContainerItemProxy */;
		};
/* End PBXTargetDependency section */

/* Begin PBXVariantGroup section */
		A9E58E4B253D827200341C25 /* Main.storyboard */ = {
			isa = PBXVariantGroup;
			children = (
				A9E58E4C253D827200341C25 /* Base */,
			);
			name = Main.storyboard;
			sourceTree = "<group>";
		};
		A9E58E53253D827200341C25 /* LaunchScreen.storyboard */ = {
			isa = PBXVariantGroup;
			children = (
				A9E58E54253D827200341C25 /* Base */,
			);
			name = LaunchScreen.storyboard;
			sourceTree = "<group>";
		};
/* End PBXVariantGroup section */

/* Begin XCBuildConfiguration section */
		A9E58E6D253D827300341C25 /* Debug */ = {
			isa = XCBuildConfiguration;
			buildSettings = {
				ALWAYS_SEARCH_USER_PATHS = NO;
				CLANG_ANALYZER_NONNULL = YES;
				CLANG_ANALYZER_NUMBER_OBJECT_CONVERSION = YES_AGGRESSIVE;
				CLANG_CXX_LANGUAGE_STANDARD = "gnu++14";
				CLANG_CXX_LIBRARY = "libc++";
				CLANG_ENABLE_MODULES = YES;
				CLANG_ENABLE_OBJC_ARC = YES;
				CLANG_ENABLE_OBJC_WEAK = YES;
				CLANG_WARN_BLOCK_CAPTURE_AUTORELEASING = YES;
				CLANG_WARN_BOOL_CONVERSION = YES;
				CLANG_WARN_COMMA = YES;
				CLANG_WARN_CONSTANT_CONVERSION = YES;
				CLANG_WARN_DEPRECATED_OBJC_IMPLEMENTATIONS = YES;
				CLANG_WARN_DIRECT_OBJC_ISA_USAGE = YES_ERROR;
				CLANG_WARN_DOCUMENTATION_COMMENTS = YES;
				CLANG_WARN_EMPTY_BODY = YES;
				CLANG_WARN_ENUM_CONVERSION = YES;
				CLANG_WARN_INFINITE_RECURSION = YES;
				CLANG_WARN_INT_CONVERSION = YES;
				CLANG_WARN_NON_LITERAL_NULL_CONVERSION = YES;
				CLANG_WARN_OBJC_IMPLICIT_RETAIN_SELF = YES;
				CLANG_WARN_OBJC_LITERAL_CONVERSION = YES;
				CLANG_WARN_OBJC_ROOT_CLASS = YES_ERROR;
				CLANG_WARN_QUOTED_INCLUDE_IN_FRAMEWORK_HEADER = YES;
				CLANG_WARN_RANGE_LOOP_ANALYSIS = YES;
				CLANG_WARN_STRICT_PROTOTYPES = YES;
				CLANG_WARN_SUSPICIOUS_MOVE = YES;
				CLANG_WARN_UNGUARDED_AVAILABILITY = YES_AGGRESSIVE;
				CLANG_WARN_UNREACHABLE_CODE = YES;
				CLANG_WARN__DUPLICATE_METHOD_MATCH = YES;
				COPY_PHASE_STRIP = NO;
				DEBUG_INFORMATION_FORMAT = dwarf;
				ENABLE_STRICT_OBJC_MSGSEND = YES;
				ENABLE_TESTABILITY = YES;
				GCC_C_LANGUAGE_STANDARD = gnu11;
				GCC_DYNAMIC_NO_PIC = NO;
				GCC_NO_COMMON_BLOCKS = YES;
				GCC_OPTIMIZATION_LEVEL = 0;
				GCC_PREPROCESSOR_DEFINITIONS = (
					"DEBUG=1",
					"$(inherited)",
				);
				GCC_WARN_64_TO_32_BIT_CONVERSION = YES;
				GCC_WARN_ABOUT_RETURN_TYPE = YES_ERROR;
				GCC_WARN_UNDECLARED_SELECTOR = YES;
				GCC_WARN_UNINITIALIZED_AUTOS = YES_AGGRESSIVE;
				GCC_WARN_UNUSED_FUNCTION = YES;
				GCC_WARN_UNUSED_VARIABLE = YES;
				IPHONEOS_DEPLOYMENT_TARGET = 14.0;
				MTL_ENABLE_DEBUG_INFO = INCLUDE_SOURCE;
				MTL_FAST_MATH = YES;
				ONLY_ACTIVE_ARCH = YES;
				SDKROOT = iphoneos;
				SWIFT_ACTIVE_COMPILATION_CONDITIONS = DEBUG;
				SWIFT_OPTIMIZATION_LEVEL = "-Onone";
			};
			name = Debug;
		};
		A9E58E6E253D827300341C25 /* Release */ = {
			isa = XCBuildConfiguration;
			buildSettings = {
				ALWAYS_SEARCH_USER_PATHS = NO;
				CLANG_ANALYZER_NONNULL = YES;
				CLANG_ANALYZER_NUMBER_OBJECT_CONVERSION = YES_AGGRESSIVE;
				CLANG_CXX_LANGUAGE_STANDARD = "gnu++14";
				CLANG_CXX_LIBRARY = "libc++";
				CLANG_ENABLE_MODULES = YES;
				CLANG_ENABLE_OBJC_ARC = YES;
				CLANG_ENABLE_OBJC_WEAK = YES;
				CLANG_WARN_BLOCK_CAPTURE_AUTORELEASING = YES;
				CLANG_WARN_BOOL_CONVERSION = YES;
				CLANG_WARN_COMMA = YES;
				CLANG_WARN_CONSTANT_CONVERSION = YES;
				CLANG_WARN_DEPRECATED_OBJC_IMPLEMENTATIONS = YES;
				CLANG_WARN_DIRECT_OBJC_ISA_USAGE = YES_ERROR;
				CLANG_WARN_DOCUMENTATION_COMMENTS = YES;
				CLANG_WARN_EMPTY_BODY = YES;
				CLANG_WARN_ENUM_CONVERSION = YES;
				CLANG_WARN_INFINITE_RECURSION = YES;
				CLANG_WARN_INT_CONVERSION = YES;
				CLANG_WARN_NON_LITERAL_NULL_CONVERSION = YES;
				CLANG_WARN_OBJC_IMPLICIT_RETAIN_SELF = YES;
				CLANG_WARN_OBJC_LITERAL_CONVERSION = YES;
				CLANG_WARN_OBJC_ROOT_CLASS = YES_ERROR;
				CLANG_WARN_QUOTED_INCLUDE_IN_FRAMEWORK_HEADER = YES;
				CLANG_WARN_RANGE_LOOP_ANALYSIS = YES;
				CLANG_WARN_STRICT_PROTOTYPES = YES;
				CLANG_WARN_SUSPICIOUS_MOVE = YES;
				CLANG_WARN_UNGUARDED_AVAILABILITY = YES_AGGRESSIVE;
				CLANG_WARN_UNREACHABLE_CODE = YES;
				CLANG_WARN__DUPLICATE_METHOD_MATCH = YES;
				COPY_PHASE_STRIP = NO;
				DEBUG_INFORMATION_FORMAT = "dwarf-with-dsym";
				ENABLE_NS_ASSERTIONS = NO;
				ENABLE_STRICT_OBJC_MSGSEND = YES;
				GCC_C_LANGUAGE_STANDARD = gnu11;
				GCC_NO_COMMON_BLOCKS = YES;
				GCC_WARN_64_TO_32_BIT_CONVERSION = YES;
				GCC_WARN_ABOUT_RETURN_TYPE = YES_ERROR;
				GCC_WARN_UNDECLARED_SELECTOR = YES;
				GCC_WARN_UNINITIALIZED_AUTOS = YES_AGGRESSIVE;
				GCC_WARN_UNUSED_FUNCTION = YES;
				GCC_WARN_UNUSED_VARIABLE = YES;
				IPHONEOS_DEPLOYMENT_TARGET = 14.0;
				MTL_ENABLE_DEBUG_INFO = NO;
				MTL_FAST_MATH = YES;
				SDKROOT = iphoneos;
				SWIFT_COMPILATION_MODE = wholemodule;
				SWIFT_OPTIMIZATION_LEVEL = "-O";
				VALIDATE_PRODUCT = YES;
			};
			name = Release;
		};
		A9E58E70253D827300341C25 /* Debug */ = {
			isa = XCBuildConfiguration;
			buildSettings = {
				ASSETCATALOG_COMPILER_APPICON_NAME = AppIcon;
				ASSETCATALOG_COMPILER_GLOBAL_ACCENT_COLOR_NAME = AccentColor;
				CODE_SIGN_STYLE = Automatic;
				DEVELOPMENT_TEAM = 9486RJPBM5;
				INFOPLIST_FILE = Available_Recipes/Info.plist;
				LD_RUNPATH_SEARCH_PATHS = (
					"$(inherited)",
					"@executable_path/Frameworks",
				);
				PRODUCT_BUNDLE_IDENTIFIER = "Keeplo.Available-Recipes";
				PRODUCT_NAME = "$(TARGET_NAME)";
				SWIFT_VERSION = 5.0;
				TARGETED_DEVICE_FAMILY = "1,2";
			};
			name = Debug;
		};
		A9E58E71253D827300341C25 /* Release */ = {
			isa = XCBuildConfiguration;
			buildSettings = {
				ASSETCATALOG_COMPILER_APPICON_NAME = AppIcon;
				ASSETCATALOG_COMPILER_GLOBAL_ACCENT_COLOR_NAME = AccentColor;
				CODE_SIGN_STYLE = Automatic;
				DEVELOPMENT_TEAM = 9486RJPBM5;
				INFOPLIST_FILE = Available_Recipes/Info.plist;
				LD_RUNPATH_SEARCH_PATHS = (
					"$(inherited)",
					"@executable_path/Frameworks",
				);
				PRODUCT_BUNDLE_IDENTIFIER = "Keeplo.Available-Recipes";
				PRODUCT_NAME = "$(TARGET_NAME)";
				SWIFT_VERSION = 5.0;
				TARGETED_DEVICE_FAMILY = "1,2";
			};
			name = Release;
		};
		A9E58E73253D827300341C25 /* Debug */ = {
			isa = XCBuildConfiguration;
			buildSettings = {
				ALWAYS_EMBED_SWIFT_STANDARD_LIBRARIES = YES;
				BUNDLE_LOADER = "$(TEST_HOST)";
				CODE_SIGN_STYLE = Automatic;
				DEVELOPMENT_TEAM = 9486RJPBM5;
				INFOPLIST_FILE = Generous_RecipeTests/Info.plist;
				IPHONEOS_DEPLOYMENT_TARGET = 14.0;
				LD_RUNPATH_SEARCH_PATHS = (
					"$(inherited)",
					"@executable_path/Frameworks",
					"@loader_path/Frameworks",
				);
				PRODUCT_BUNDLE_IDENTIFIER = "Keeplo.Generous-RecipeTests";
				PRODUCT_NAME = "$(TARGET_NAME)";
				SWIFT_VERSION = 5.0;
				TARGETED_DEVICE_FAMILY = "1,2";
				TEST_HOST = "$(BUILT_PRODUCTS_DIR)/Available_Recipes.app/Available_Recipes";
			};
			name = Debug;
		};
		A9E58E74253D827300341C25 /* Release */ = {
			isa = XCBuildConfiguration;
			buildSettings = {
				ALWAYS_EMBED_SWIFT_STANDARD_LIBRARIES = YES;
				BUNDLE_LOADER = "$(TEST_HOST)";
				CODE_SIGN_STYLE = Automatic;
				DEVELOPMENT_TEAM = 9486RJPBM5;
				INFOPLIST_FILE = Generous_RecipeTests/Info.plist;
				IPHONEOS_DEPLOYMENT_TARGET = 14.0;
				LD_RUNPATH_SEARCH_PATHS = (
					"$(inherited)",
					"@executable_path/Frameworks",
					"@loader_path/Frameworks",
				);
				PRODUCT_BUNDLE_IDENTIFIER = "Keeplo.Generous-RecipeTests";
				PRODUCT_NAME = "$(TARGET_NAME)";
				SWIFT_VERSION = 5.0;
				TARGETED_DEVICE_FAMILY = "1,2";
				TEST_HOST = "$(BUILT_PRODUCTS_DIR)/Available_Recipes.app/Available_Recipes";
			};
			name = Release;
		};
		A9E58E76253D827300341C25 /* Debug */ = {
			isa = XCBuildConfiguration;
			buildSettings = {
				ALWAYS_EMBED_SWIFT_STANDARD_LIBRARIES = YES;
				CODE_SIGN_STYLE = Automatic;
				DEVELOPMENT_TEAM = 9486RJPBM5;
				INFOPLIST_FILE = Generous_RecipeUITests/Info.plist;
				LD_RUNPATH_SEARCH_PATHS = (
					"$(inherited)",
					"@executable_path/Frameworks",
					"@loader_path/Frameworks",
				);
				PRODUCT_BUNDLE_IDENTIFIER = "Keeplo.Generous-RecipeUITests";
				PRODUCT_NAME = "$(TARGET_NAME)";
				SWIFT_VERSION = 5.0;
				TARGETED_DEVICE_FAMILY = "1,2";
				TEST_TARGET_NAME = Generous_Recipe;
			};
			name = Debug;
		};
		A9E58E77253D827300341C25 /* Release */ = {
			isa = XCBuildConfiguration;
			buildSettings = {
				ALWAYS_EMBED_SWIFT_STANDARD_LIBRARIES = YES;
				CODE_SIGN_STYLE = Automatic;
				DEVELOPMENT_TEAM = 9486RJPBM5;
				INFOPLIST_FILE = Generous_RecipeUITests/Info.plist;
				LD_RUNPATH_SEARCH_PATHS = (
					"$(inherited)",
					"@executable_path/Frameworks",
					"@loader_path/Frameworks",
				);
				PRODUCT_BUNDLE_IDENTIFIER = "Keeplo.Generous-RecipeUITests";
				PRODUCT_NAME = "$(TARGET_NAME)";
				SWIFT_VERSION = 5.0;
				TARGETED_DEVICE_FAMILY = "1,2";
				TEST_TARGET_NAME = Generous_Recipe;
			};
			name = Release;
		};
/* End XCBuildConfiguration section */

/* Begin XCConfigurationList section */
		A9E58E3D253D827200341C25 /* Build configuration list for PBXProject "Available_Recipes" */ = {
			isa = XCConfigurationList;
			buildConfigurations = (
				A9E58E6D253D827300341C25 /* Debug */,
				A9E58E6E253D827300341C25 /* Release */,
			);
			defaultConfigurationIsVisible = 0;
			defaultConfigurationName = Release;
		};
		A9E58E6F253D827300341C25 /* Build configuration list for PBXNativeTarget "Available_Recipes" */ = {
			isa = XCConfigurationList;
			buildConfigurations = (
				A9E58E70253D827300341C25 /* Debug */,
				A9E58E71253D827300341C25 /* Release */,
			);
			defaultConfigurationIsVisible = 0;
			defaultConfigurationName = Release;
		};
		A9E58E72253D827300341C25 /* Build configuration list for PBXNativeTarget "Available_RecipesTests" */ = {
			isa = XCConfigurationList;
			buildConfigurations = (
				A9E58E73253D827300341C25 /* Debug */,
				A9E58E74253D827300341C25 /* Release */,
			);
			defaultConfigurationIsVisible = 0;
			defaultConfigurationName = Release;
		};
		A9E58E75253D827300341C25 /* Build configuration list for PBXNativeTarget "Available_RecipesUITests" */ = {
			isa = XCConfigurationList;
			buildConfigurations = (
				A9E58E76253D827300341C25 /* Debug */,
				A9E58E77253D827300341C25 /* Release */,
			);
			defaultConfigurationIsVisible = 0;
			defaultConfigurationName = Release;
		};
/* End XCConfigurationList section */

/* Begin XCVersionGroup section */
		A9E58E4E253D827200341C25 /* Available_Recipes.xcdatamodeld */ = {
			isa = XCVersionGroup;
			children = (
				A9E58E4F253D827200341C25 /* Available_Recipes.xcdatamodel */,
			);
			currentVersion = A9E58E4F253D827200341C25 /* Available_Recipes.xcdatamodel */;
			path = Available_Recipes.xcdatamodeld;
			sourceTree = "<group>";
			versionGroupType = wrapper.xcdatamodel;
		};
/* End XCVersionGroup section */
	};
	rootObject = A9E58E3A253D827200341C25 /* Project object */;
}
